
Microsoft Visual Studio Solution File, Format Version 12.00
# Visual Studio Version 16
VisualStudioVersion = 16.0.31112.23
MinimumVisualStudioVersion = 10.0.40219.1
Project("{9A19103F-16F7-4668-BE54-9A1E7A4F7556}") = "MyVeggieGarden.Web", "MyVeggieGarden.Web\MyVeggieGarden.Web.csproj", "{ABA5C530-56FD-443F-B426-ED1208A0C2AE}"
EndProject
Project("{9A19103F-16F7-4668-BE54-9A1E7A4F7556}") = "MyVeggieGarden.Models", "MyVeggieGarden.Models\MyVeggieGarden.Models.csproj", "{BEEBCD33-C50F-41D2-9CB7-118A11DD1934}"
EndProject
Project("{9A19103F-16F7-4668-BE54-9A1E7A4F7556}") = "MyVeggieGarden.Repository", "MyVeggieGarden.Repository\MyVeggieGarden.Repository.csproj", "{F0D42616-EC35-429C-AA7A-2DB3C791FFA0}"
EndProject
Project("{9A19103F-16F7-4668-BE54-9A1E7A4F7556}") = "MyVeggieGarden.Identity", "MyVeggieGarden.Identity\MyVeggieGarden.Identity.csproj", "{0D262B61-AC36-41F9-9424-ECCA8FFE1DBB}"
EndProject
Project("{FAE04EC0-301F-11D3-BF4B-00C04F79EFBC}") = "MyVeggieGarden.Services", "MyVeggieGarden.Services\MyVeggieGarden.Services.csproj", "{F94D3E28-7446-4D51-BAD4-2CD3265BD9A7}"
EndProject
Global
	GlobalSection(SolutionConfigurationPlatforms) = preSolution
		Debug|Any CPU = Debug|Any CPU
		Release|Any CPU = Release|Any CPU
	EndGlobalSection
	GlobalSection(ProjectConfigurationPlatforms) = postSolution
		{ABA5C530-56FD-443F-B426-ED1208A0C2AE}.Debug|Any CPU.ActiveCfg = Debug|Any CPU
		{ABA5C530-56FD-443F-B426-ED1208A0C2AE}.Debug|Any CPU.Build.0 = Debug|Any CPU
		{ABA5C530-56FD-443F-B426-ED1208A0C2AE}.Release|Any CPU.ActiveCfg = Release|Any CPU
		{ABA5C530-56FD-443F-B426-ED1208A0C2AE}.Release|Any CPU.Build.0 = Release|Any CPU
		{BEEBCD33-C50F-41D2-9CB7-118A11DD1934}.Debug|Any CPU.ActiveCfg = Debug|Any CPU
		{BEEBCD33-C50F-41D2-9CB7-118A11DD1934}.Debug|Any CPU.Build.0 = Debug|Any CPU
		{BEEBCD33-C50F-41D2-9CB7-118A11DD1934}.Release|Any CPU.ActiveCfg = Release|Any CPU
		{BEEBCD33-C50F-41D2-9CB7-118A11DD1934}.Release|Any CPU.Build.0 = Release|Any CPU
		{F0D42616-EC35-429C-AA7A-2DB3C791FFA0}.Debug|Any CPU.ActiveCfg = Debug|Any CPU
		{F0D42616-EC35-429C-AA7A-2DB3C791FFA0}.Debug|Any CPU.Build.0 = Debug|Any CPU
		{F0D42616-EC35-429C-AA7A-2DB3C791FFA0}.Release|Any CPU.ActiveCfg = Release|Any CPU
		{F0D42616-EC35-429C-AA7A-2DB3C791FFA0}.Release|Any CPU.Build.0 = Release|Any CPU
		{0D262B61-AC36-41F9-9424-ECCA8FFE1DBB}.Debug|Any CPU.ActiveCfg = Debug|Any CPU
		{0D262B61-AC36-41F9-9424-ECCA8FFE1DBB}.Debug|Any CPU.Build.0 = Debug|Any CPU
		{0D262B61-AC36-41F9-9424-ECCA8FFE1DBB}.Release|Any CPU.ActiveCfg = Release|Any CPU
		{0D262B61-AC36-41F9-9424-ECCA8FFE1DBB}.Release|Any CPU.Build.0 = Release|Any CPU
		{F94D3E28-7446-4D51-BAD4-2CD3265BD9A7}.Debug|Any CPU.ActiveCfg = Debug|Any CPU
		{F94D3E28-7446-4D51-BAD4-2CD3265BD9A7}.Debug|Any CPU.Build.0 = Debug|Any CPU
		{F94D3E28-7446-4D51-BAD4-2CD3265BD9A7}.Release|Any CPU.ActiveCfg = Release|Any CPU
		{F94D3E28-7446-4D51-BAD4-2CD3265BD9A7}.Release|Any CPU.Build.0 = Release|Any CPU
	EndGlobalSection
	GlobalSection(SolutionProperties) = preSolution
		HideSolutionNode = FALSE
	EndGlobalSection
	GlobalSection(ExtensibilityGlobals) = postSolution
		SolutionGuid = {59624F6F-A4C0-4286-B75A-6B5560C4C9C9}
	EndGlobalSection
EndGlobal
